<?xml version="1.0" encoding="UTF-8"?>
<Scheme
   version = "1.3">
   <BuildAction>
      <BuildActionEntries>
         <BuildActionEntry
            buildForRunning = "YES"
            buildForTesting = "YES">
            <BuildableReference
               BuildableIdentifier = "primary"
               BlueprintIdentifier = "83183E911D21CA7B00A44C1E"
               BuildableName = "BnCWaterTests.xctest"
               BlueprintName = "BnCWaterTests"
               ReferencedContainer = "container:BnCWater.xcodeproj">
            </BuildableReference>
         </BuildActionEntry>
      </BuildActionEntries>
   </BuildAction>
   <TestAction
      buildConfiguration = "Debug">
      <Testables>
         <TestableReference>
            <BuildableReference
               BuildableIdentifier = "primary"
               BlueprintIdentifier = "83183E911D21CA7B00A44C1E"
               BuildableName = "BnCWaterTests.xctest"
               BlueprintName = "BnCWaterTests"
               ReferencedContainer = "container:BnCWater.xcodeproj">
            </BuildableReference>
            <SkippedTests>
               <Test
                  Identifier = "BnCWaterTests">
               </Test>
               <Test
                  Identifier = "BoundlessMatrixTests">
               </Test>
            </SkippedTests>
         </TestableReference>
      </Testables>
   </TestAction>
   <LaunchAction
      useCustomWorkingDirectory = "NO">
   </LaunchAction>
</Scheme>
