// !$*UTF8*$!
{
	archiveVersion = 1;
	classes = {
	};
	objectVersion = 46;
	objects = {

/* Begin PBXBuildFile section */
		5A41697563B5E0B7E1EC0998 /* ResultTests.swift in Sources */ = {isa = PBXBuildFile; fileRef = 5A4162ADDA5C0DF71F9C069A /* ResultTests.swift */; };
		5A416CF4E7B277132A1B08B6 /* Cell.swift in Sources */ = {isa = PBXBuildFile; fileRef = 5A416762E01C9003B3A710B6 /* Cell.swift */; };
		5A416EC7728E6566854FC081 /* Result.swift in Sources */ = {isa = PBXBuildFile; fileRef = 5A4162000C65083A7B1DED3B /* Result.swift */; };
		83183E821D21CA7B00A44C1E /* AppDelegate.swift in Sources */ = {isa = PBXBuildFile; fileRef = 83183E811D21CA7B00A44C1E /* AppDelegate.swift */; };
		83183E841D21CA7B00A44C1E /* ViewController.swift in Sources */ = {isa = PBXBuildFile; fileRef = 83183E831D21CA7B00A44C1E /* ViewController.swift */; };
		83183E871D21CA7B00A44C1E /* Main.storyboard in Resources */ = {isa = PBXBuildFile; fileRef = 83183E851D21CA7B00A44C1E /* Main.storyboard */; };
		83183E891D21CA7B00A44C1E /* Assets.xcassets in Resources */ = {isa = PBXBuildFile; fileRef = 83183E881D21CA7B00A44C1E /* Assets.xcassets */; };
		83183E8C1D21CA7B00A44C1E /* LaunchScreen.storyboard in Resources */ = {isa = PBXBuildFile; fileRef = 83183E8A1D21CA7B00A44C1E /* LaunchScreen.storyboard */; };
		83183E971D21CA7B00A44C1E /* BnCWaterTests.swift in Sources */ = {isa = PBXBuildFile; fileRef = 83183E961D21CA7B00A44C1E /* BnCWaterTests.swift */; };
		83183EA21D21CA7B00A44C1E /* BnCWaterUITests.swift in Sources */ = {isa = PBXBuildFile; fileRef = 83183EA11D21CA7B00A44C1E /* BnCWaterUITests.swift */; };
		8371F3011D268B6700EA457C /* Walker.swift in Sources */ = {isa = PBXBuildFile; fileRef = 8371F3001D268B6700EA457C /* Walker.swift */; };
		8371F3031D268E6000EA457C /* WalkerTests.swift in Sources */ = {isa = PBXBuildFile; fileRef = 8371F3021D268E6000EA457C /* WalkerTests.swift */; };
		8371F3051D26B58D00EA457C /* CartesianTests.swift in Sources */ = {isa = PBXBuildFile; fileRef = 5A41649C1C087BA2EFD4668D /* CartesianTests.swift */; };
		8371F3071D26B5FF00EA457C /* CellTests.swift in Sources */ = {isa = PBXBuildFile; fileRef = 8371F3061D26B5FF00EA457C /* CellTests.swift */; };
		83866B761D2BED14007EE50C /* GridCollectionViewCell.swift in Sources */ = {isa = PBXBuildFile; fileRef = 83866B751D2BED14007EE50C /* GridCollectionViewCell.swift */; };
		83B4784F1D23F04000569CF7 /* BoundlessMatrix.swift in Sources */ = {isa = PBXBuildFile; fileRef = 83B4784E1D23F04000569CF7 /* BoundlessMatrix.swift */; };
		83B478511D23F0BE00569CF7 /* Cartesian.swift in Sources */ = {isa = PBXBuildFile; fileRef = 83B478501D23F0BE00569CF7 /* Cartesian.swift */; };
		83B478531D2401F000569CF7 /* BoundlessMatrixTests.swift in Sources */ = {isa = PBXBuildFile; fileRef = 83B478521D2401F000569CF7 /* BoundlessMatrixTests.swift */; };
/* End PBXBuildFile section */

/* Begin PBXContainerItemProxy section */
		83183E931D21CA7B00A44C1E /* PBXContainerItemProxy */ = {
			isa = PBXContainerItemProxy;
			containerPortal = 83183E761D21CA7B00A44C1E /* Project object */;
			proxyType = 1;
			remoteGlobalIDString = 83183E7D1D21CA7B00A44C1E;
			remoteInfo = BnCWater;
		};
		83183E9E1D21CA7B00A44C1E /* PBXContainerItemProxy */ = {
			isa = PBXContainerItemProxy;
			containerPortal = 83183E761D21CA7B00A44C1E /* Project object */;
			proxyType = 1;
			remoteGlobalIDString = 83183E7D1D21CA7B00A44C1E;
			remoteInfo = BnCWater;
		};
/* End PBXContainerItemProxy section */

/* Begin PBXFileReference section */
		5A4162000C65083A7B1DED3B /* Result.swift */ = {isa = PBXFileReference; fileEncoding = 4; lastKnownFileType = sourcecode.swift; path = Result.swift; sourceTree = "<group>"; };
		5A4162ADDA5C0DF71F9C069A /* ResultTests.swift */ = {isa = PBXFileReference; fileEncoding = 4; lastKnownFileType = sourcecode.swift; path = ResultTests.swift; sourceTree = "<group>"; };
		5A41649C1C087BA2EFD4668D /* CartesianTests.swift */ = {isa = PBXFileReference; fileEncoding = 4; lastKnownFileType = sourcecode.swift; path = CartesianTests.swift; sourceTree = "<group>"; };
		5A416762E01C9003B3A710B6 /* Cell.swift */ = {isa = PBXFileReference; fileEncoding = 4; lastKnownFileType = sourcecode.swift; path = Cell.swift; sourceTree = "<group>"; };
		83183E7E1D21CA7B00A44C1E /* BnCWater.app */ = {isa = PBXFileReference; explicitFileType = wrapper.application; includeInIndex = 0; path = BnCWater.app; sourceTree = BUILT_PRODUCTS_DIR; };
		83183E811D21CA7B00A44C1E /* AppDelegate.swift */ = {isa = PBXFileReference; lastKnownFileType = sourcecode.swift; path = AppDelegate.swift; sourceTree = "<group>"; };
		83183E831D21CA7B00A44C1E /* ViewController.swift */ = {isa = PBXFileReference; lastKnownFileType = sourcecode.swift; path = ViewController.swift; sourceTree = "<group>"; };
		83183E861D21CA7B00A44C1E /* Base */ = {isa = PBXFileReference; lastKnownFileType = file.storyboard; name = Base; path = Base.lproj/Main.storyboard; sourceTree = "<group>"; };
		83183E881D21CA7B00A44C1E /* Assets.xcassets */ = {isa = PBXFileReference; lastKnownFileType = folder.assetcatalog; path = Assets.xcassets; sourceTree = "<group>"; };
		83183E8B1D21CA7B00A44C1E /* Base */ = {isa = PBXFileReference; lastKnownFileType = file.storyboard; name = Base; path = Base.lproj/LaunchScreen.storyboard; sourceTree = "<group>"; };
		83183E8D1D21CA7B00A44C1E /* Info.plist */ = {isa = PBXFileReference; lastKnownFileType = text.plist.xml; path = Info.plist; sourceTree = "<group>"; };
		83183E921D21CA7B00A44C1E /* BnCWaterTests.xctest */ = {isa = PBXFileReference; explicitFileType = wrapper.cfbundle; includeInIndex = 0; path = BnCWaterTests.xctest; sourceTree = BUILT_PRODUCTS_DIR; };
		83183E961D21CA7B00A44C1E /* BnCWaterTests.swift */ = {isa = PBXFileReference; lastKnownFileType = sourcecode.swift; path = BnCWaterTests.swift; sourceTree = "<group>"; };
		83183E981D21CA7B00A44C1E /* Info.plist */ = {isa = PBXFileReference; lastKnownFileType = text.plist.xml; path = Info.plist; sourceTree = "<group>"; };
		83183E9D1D21CA7B00A44C1E /* BnCWaterUITests.xctest */ = {isa = PBXFileReference; explicitFileType = wrapper.cfbundle; includeInIndex = 0; path = BnCWaterUITests.xctest; sourceTree = BUILT_PRODUCTS_DIR; };
		83183EA11D21CA7B00A44C1E /* BnCWaterUITests.swift */ = {isa = PBXFileReference; lastKnownFileType = sourcecode.swift; path = BnCWaterUITests.swift; sourceTree = "<group>"; };
		83183EA31D21CA7B00A44C1E /* Info.plist */ = {isa = PBXFileReference; lastKnownFileType = text.plist.xml; path = Info.plist; sourceTree = "<group>"; };
		8371F3001D268B6700EA457C /* Walker.swift */ = {isa = PBXFileReference; fileEncoding = 4; lastKnownFileType = sourcecode.swift; path = Walker.swift; sourceTree = "<group>"; };
		8371F3021D268E6000EA457C /* WalkerTests.swift */ = {isa = PBXFileReference; fileEncoding = 4; lastKnownFileType = sourcecode.swift; path = WalkerTests.swift; sourceTree = "<group>"; };
		8371F3061D26B5FF00EA457C /* CellTests.swift */ = {isa = PBXFileReference; fileEncoding = 4; lastKnownFileType = sourcecode.swift; path = CellTests.swift; sourceTree = "<group>"; };
		83866B751D2BED14007EE50C /* GridCollectionViewCell.swift */ = {isa = PBXFileReference; fileEncoding = 4; lastKnownFileType = sourcecode.swift; path = GridCollectionViewCell.swift; sourceTree = "<group>"; };
		83B4784E1D23F04000569CF7 /* BoundlessMatrix.swift */ = {isa = PBXFileReference; fileEncoding = 4; lastKnownFileType = sourcecode.swift; path = BoundlessMatrix.swift; sourceTree = "<group>"; };
		83B478501D23F0BE00569CF7 /* Cartesian.swift */ = {isa = PBXFileReference; fileEncoding = 4; lastKnownFileType = sourcecode.swift; path = Cartesian.swift; sourceTree = "<group>"; };
		83B478521D2401F000569CF7 /* BoundlessMatrixTests.swift */ = {isa = PBXFileReference; fileEncoding = 4; lastKnownFileType = sourcecode.swift; path = BoundlessMatrixTests.swift; sourceTree = "<group>"; };
/* End PBXFileReference section */

/* Begin PBXFrameworksBuildPhase section */
		83183E7B1D21CA7B00A44C1E /* Frameworks */ = {
			isa = PBXFrameworksBuildPhase;
			buildActionMask = 2147483647;
			files = (
			);
			runOnlyForDeploymentPostprocessing = 0;
		};
		83183E8F1D21CA7B00A44C1E /* Frameworks */ = {
			isa = PBXFrameworksBuildPhase;
			buildActionMask = 2147483647;
			files = (
			);
			runOnlyForDeploymentPostprocessing = 0;
		};
		83183E9A1D21CA7B00A44C1E /* Frameworks */ = {
			isa = PBXFrameworksBuildPhase;
			buildActionMask = 2147483647;
			files = (
			);
			runOnlyForDeploymentPostprocessing = 0;
		};
/* End PBXFrameworksBuildPhase section */

/* Begin PBXGroup section */
		83183E751D21CA7B00A44C1E = {
			isa = PBXGroup;
			children = (
				83183E801D21CA7B00A44C1E /* BnCWater */,
				83183E951D21CA7B00A44C1E /* BnCWaterTests */,
				83183EA01D21CA7B00A44C1E /* BnCWaterUITests */,
				83183E7F1D21CA7B00A44C1E /* Products */,
			);
			sourceTree = "<group>";
		};
		83183E7F1D21CA7B00A44C1E /* Products */ = {
			isa = PBXGroup;
			children = (
				83183E7E1D21CA7B00A44C1E /* BnCWater.app */,
				83183E921D21CA7B00A44C1E /* BnCWaterTests.xctest */,
				83183E9D1D21CA7B00A44C1E /* BnCWaterUITests.xctest */,
			);
			name = Products;
			sourceTree = "<group>";
		};
		83183E801D21CA7B00A44C1E /* BnCWater */ = {
			isa = PBXGroup;
			children = (
				83183E811D21CA7B00A44C1E /* AppDelegate.swift */,
				83183E831D21CA7B00A44C1E /* ViewController.swift */,
				83183E851D21CA7B00A44C1E /* Main.storyboard */,
				83183E881D21CA7B00A44C1E /* Assets.xcassets */,
				83183E8A1D21CA7B00A44C1E /* LaunchScreen.storyboard */,
				83183E8D1D21CA7B00A44C1E /* Info.plist */,
				83B4784E1D23F04000569CF7 /* BoundlessMatrix.swift */,
				83B478501D23F0BE00569CF7 /* Cartesian.swift */,
				5A416762E01C9003B3A710B6 /* Cell.swift */,
				8371F3001D268B6700EA457C /* Walker.swift */,
				5A4162000C65083A7B1DED3B /* Result.swift */,
				83866B751D2BED14007EE50C /* GridCollectionViewCell.swift */,
			);
			path = BnCWater;
			sourceTree = "<group>";
		};
		83183E951D21CA7B00A44C1E /* BnCWaterTests */ = {
			isa = PBXGroup;
			children = (
				83183E961D21CA7B00A44C1E /* BnCWaterTests.swift */,
				83183E981D21CA7B00A44C1E /* Info.plist */,
				83B478521D2401F000569CF7 /* BoundlessMatrixTests.swift */,
				8371F3021D268E6000EA457C /* WalkerTests.swift */,
				5A41649C1C087BA2EFD4668D /* CartesianTests.swift */,
				8371F3061D26B5FF00EA457C /* CellTests.swift */,
				5A4162ADDA5C0DF71F9C069A /* ResultTests.swift */,
			);
			path = BnCWaterTests;
			sourceTree = "<group>";
		};
		83183EA01D21CA7B00A44C1E /* BnCWaterUITests */ = {
			isa = PBXGroup;
			children = (
				83183EA11D21CA7B00A44C1E /* BnCWaterUITests.swift */,
				83183EA31D21CA7B00A44C1E /* Info.plist */,
			);
			path = BnCWaterUITests;
			sourceTree = "<group>";
		};
/* End PBXGroup section */

/* Begin PBXNativeTarget section */
		83183E7D1D21CA7B00A44C1E /* BnCWater */ = {
			isa = PBXNativeTarget;
			buildConfigurationList = 83183EA61D21CA7B00A44C1E /* Build configuration list for PBXNativeTarget "BnCWater" */;
			buildPhases = (
				83183E7A1D21CA7B00A44C1E /* Sources */,
				83183E7B1D21CA7B00A44C1E /* Frameworks */,
				83183E7C1D21CA7B00A44C1E /* Resources */,
			);
			buildRules = (
			);
			dependencies = (
			);
			name = BnCWater;
			productName = BnCWater;
			productReference = 83183E7E1D21CA7B00A44C1E /* BnCWater.app */;
			productType = "com.apple.product-type.application";
		};
		83183E911D21CA7B00A44C1E /* BnCWaterTests */ = {
			isa = PBXNativeTarget;
			buildConfigurationList = 83183EA91D21CA7B00A44C1E /* Build configuration list for PBXNativeTarget "BnCWaterTests" */;
			buildPhases = (
				83183E8E1D21CA7B00A44C1E /* Sources */,
				83183E8F1D21CA7B00A44C1E /* Frameworks */,
				83183E901D21CA7B00A44C1E /* Resources */,
			);
			buildRules = (
			);
			dependencies = (
				83183E941D21CA7B00A44C1E /* PBXTargetDependency */,
			);
			name = BnCWaterTests;
			productName = BnCWaterTests;
			productReference = 83183E921D21CA7B00A44C1E /* BnCWaterTests.xctest */;
			productType = "com.apple.product-type.bundle.unit-test";
		};
		83183E9C1D21CA7B00A44C1E /* BnCWaterUITests */ = {
			isa = PBXNativeTarget;
			buildConfigurationList = 83183EAC1D21CA7B00A44C1E /* Build configuration list for PBXNativeTarget "BnCWaterUITests" */;
			buildPhases = (
				83183E991D21CA7B00A44C1E /* Sources */,
				83183E9A1D21CA7B00A44C1E /* Frameworks */,
				83183E9B1D21CA7B00A44C1E /* Resources */,
			);
			buildRules = (
			);
			dependencies = (
				83183E9F1D21CA7B00A44C1E /* PBXTargetDependency */,
			);
			name = BnCWaterUITests;
			productName = BnCWaterUITests;
			productReference = 83183E9D1D21CA7B00A44C1E /* BnCWaterUITests.xctest */;
			productType = "com.apple.product-type.bundle.ui-testing";
		};
/* End PBXNativeTarget section */

/* Begin PBXProject section */
		83183E761D21CA7B00A44C1E /* Project object */ = {
			isa = PBXProject;
			attributes = {
				LastSwiftUpdateCheck = 0730;
				LastUpgradeCheck = 0730;
				ORGANIZATIONNAME = "Christopher Baker";
				TargetAttributes = {
					83183E7D1D21CA7B00A44C1E = {
						CreatedOnToolsVersion = 7.3.1;
						DevelopmentTeam = 98J5SQ7T33;
					};
					83183E911D21CA7B00A44C1E = {
						CreatedOnToolsVersion = 7.3.1;
						TestTargetID = 83183E7D1D21CA7B00A44C1E;
					};
					83183E9C1D21CA7B00A44C1E = {
						CreatedOnToolsVersion = 7.3.1;
						TestTargetID = 83183E7D1D21CA7B00A44C1E;
					};
				};
			};
			buildConfigurationList = 83183E791D21CA7B00A44C1E /* Build configuration list for PBXProject "BnCWater" */;
			compatibilityVersion = "Xcode 3.2";
			developmentRegion = English;
			hasScannedForEncodings = 0;
			knownRegions = (
				en,
				Base,
			);
			mainGroup = 83183E751D21CA7B00A44C1E;
			productRefGroup = 83183E7F1D21CA7B00A44C1E /* Products */;
			projectDirPath = "";
			projectRoot = "";
			targets = (
				83183E7D1D21CA7B00A44C1E /* BnCWater */,
				83183E911D21CA7B00A44C1E /* BnCWaterTests */,
				83183E9C1D21CA7B00A44C1E /* BnCWaterUITests */,
			);
		};
/* End PBXProject section */

/* Begin PBXResourcesBuildPhase section */
		83183E7C1D21CA7B00A44C1E /* Resources */ = {
			isa = PBXResourcesBuildPhase;
			buildActionMask = 2147483647;
			files = (
				83183E8C1D21CA7B00A44C1E /* LaunchScreen.storyboard in Resources */,
				83183E891D21CA7B00A44C1E /* Assets.xcassets in Resources */,
				83183E871D21CA7B00A44C1E /* Main.storyboard in Resources */,
			);
			runOnlyForDeploymentPostprocessing = 0;
		};
		83183E901D21CA7B00A44C1E /* Resources */ = {
			isa = PBXResourcesBuildPhase;
			buildActionMask = 2147483647;
			files = (
			);
			runOnlyForDeploymentPostprocessing = 0;
		};
		83183E9B1D21CA7B00A44C1E /* Resources */ = {
			isa = PBXResourcesBuildPhase;
			buildActionMask = 2147483647;
			files = (
			);
			runOnlyForDeploymentPostprocessing = 0;
		};
/* End PBXResourcesBuildPhase section */

/* Begin PBXSourcesBuildPhase section */
		83183E7A1D21CA7B00A44C1E /* Sources */ = {
			isa = PBXSourcesBuildPhase;
			buildActionMask = 2147483647;
			files = (
				83B478511D23F0BE00569CF7 /* Cartesian.swift in Sources */,
				8371F3011D268B6700EA457C /* Walker.swift in Sources */,
				83B4784F1D23F04000569CF7 /* BoundlessMatrix.swift in Sources */,
				83183E841D21CA7B00A44C1E /* ViewController.swift in Sources */,
				83866B761D2BED14007EE50C /* GridCollectionViewCell.swift in Sources */,
				83183E821D21CA7B00A44C1E /* AppDelegate.swift in Sources */,
				5A416CF4E7B277132A1B08B6 /* Cell.swift in Sources */,
				5A416EC7728E6566854FC081 /* Result.swift in Sources */,
			);
			runOnlyForDeploymentPostprocessing = 0;
		};
		83183E8E1D21CA7B00A44C1E /* Sources */ = {
			isa = PBXSourcesBuildPhase;
			buildActionMask = 2147483647;
			files = (
				8371F3051D26B58D00EA457C /* CartesianTests.swift in Sources */,
				83B478531D2401F000569CF7 /* BoundlessMatrixTests.swift in Sources */,
				8371F3071D26B5FF00EA457C /* CellTests.swift in Sources */,
				8371F3031D268E6000EA457C /* WalkerTests.swift in Sources */,
				83183E971D21CA7B00A44C1E /* BnCWaterTests.swift in Sources */,
				5A41697563B5E0B7E1EC0998 /* ResultTests.swift in Sources */,
			);
			runOnlyForDeploymentPostprocessing = 0;
		};
		83183E991D21CA7B00A44C1E /* Sources */ = {
			isa = PBXSourcesBuildPhase;
			buildActionMask = 2147483647;
			files = (
				83183EA21D21CA7B00A44C1E /* BnCWaterUITests.swift in Sources */,
			);
			runOnlyForDeploymentPostprocessing = 0;
		};
/* End PBXSourcesBuildPhase section */

/* Begin PBXTargetDependency section */
		83183E941D21CA7B00A44C1E /* PBXTargetDependency */ = {
			isa = PBXTargetDependency;
			target = 83183E7D1D21CA7B00A44C1E /* BnCWater */;
			targetProxy = 83183E931D21CA7B00A44C1E /* PBXContainerItemProxy */;
		};
		83183E9F1D21CA7B00A44C1E /* PBXTargetDependency */ = {
			isa = PBXTargetDependency;
			target = 83183E7D1D21CA7B00A44C1E /* BnCWater */;
			targetProxy = 83183E9E1D21CA7B00A44C1E /* PBXContainerItemProxy */;
		};
/* End PBXTargetDependency section */

/* Begin PBXVariantGroup section */
		83183E851D21CA7B00A44C1E /* Main.storyboard */ = {
			isa = PBXVariantGroup;
			children = (
				83183E861D21CA7B00A44C1E /* Base */,
			);
			name = Main.storyboard;
			sourceTree = "<group>";
		};
		83183E8A1D21CA7B00A44C1E /* LaunchScreen.storyboard */ = {
			isa = PBXVariantGroup;
			children = (
				83183E8B1D21CA7B00A44C1E /* Base */,
			);
			name = LaunchScreen.storyboard;
			sourceTree = "<group>";
		};
/* End PBXVariantGroup section */

/* Begin XCBuildConfiguration section */
		83183EA41D21CA7B00A44C1E /* Debug */ = {
			isa = XCBuildConfiguration;
			buildSettings = {
				ALWAYS_SEARCH_USER_PATHS = NO;
				CLANG_ANALYZER_NONNULL = YES;
				CLANG_CXX_LANGUAGE_STANDARD = "gnu++0x";
				CLANG_CXX_LIBRARY = "libc++";
				CLANG_ENABLE_MODULES = YES;
				CLANG_ENABLE_OBJC_ARC = YES;
				CLANG_WARN_BOOL_CONVERSION = YES;
				CLANG_WARN_CONSTANT_CONVERSION = YES;
				CLANG_WARN_DIRECT_OBJC_ISA_USAGE = YES_ERROR;
				CLANG_WARN_EMPTY_BODY = YES;
				CLANG_WARN_ENUM_CONVERSION = YES;
				CLANG_WARN_INT_CONVERSION = YES;
				CLANG_WARN_OBJC_ROOT_CLASS = YES_ERROR;
				CLANG_WARN_UNREACHABLE_CODE = YES;
				CLANG_WARN__DUPLICATE_METHOD_MATCH = YES;
				"CODE_SIGN_IDENTITY[sdk=iphoneos*]" = "iPhone Developer";
				COPY_PHASE_STRIP = NO;
				DEBUG_INFORMATION_FORMAT = dwarf;
				ENABLE_STRICT_OBJC_MSGSEND = YES;
				ENABLE_TESTABILITY = YES;
				GCC_C_LANGUAGE_STANDARD = gnu99;
				GCC_DYNAMIC_NO_PIC = NO;
				GCC_NO_COMMON_BLOCKS = YES;
				GCC_OPTIMIZATION_LEVEL = 0;
				GCC_PREPROCESSOR_DEFINITIONS = (
					"DEBUG=1",
					"$(inherited)",
				);
				GCC_WARN_64_TO_32_BIT_CONVERSION = YES;
				GCC_WARN_ABOUT_RETURN_TYPE = YES_ERROR;
				GCC_WARN_UNDECLARED_SELECTOR = YES;
				GCC_WARN_UNINITIALIZED_AUTOS = YES_AGGRESSIVE;
				GCC_WARN_UNUSED_FUNCTION = YES;
				GCC_WARN_UNUSED_VARIABLE = YES;
				IPHONEOS_DEPLOYMENT_TARGET = 9.3;
				MTL_ENABLE_DEBUG_INFO = YES;
				ONLY_ACTIVE_ARCH = YES;
				SDKROOT = iphoneos;
				SWIFT_OPTIMIZATION_LEVEL = "-Onone";
				TARGETED_DEVICE_FAMILY = "1,2";
			};
			name = Debug;
		};
		83183EA51D21CA7B00A44C1E /* Release */ = {
			isa = XCBuildConfiguration;
			buildSettings = {
				ALWAYS_SEARCH_USER_PATHS = NO;
				CLANG_ANALYZER_NONNULL = YES;
				CLANG_CXX_LANGUAGE_STANDARD = "gnu++0x";
				CLANG_CXX_LIBRARY = "libc++";
				CLANG_ENABLE_MODULES = YES;
				CLANG_ENABLE_OBJC_ARC = YES;
				CLANG_WARN_BOOL_CONVERSION = YES;
				CLANG_WARN_CONSTANT_CONVERSION = YES;
				CLANG_WARN_DIRECT_OBJC_ISA_USAGE = YES_ERROR;
				CLANG_WARN_EMPTY_BODY = YES;
				CLANG_WARN_ENUM_CONVERSION = YES;
				CLANG_WARN_INT_CONVERSION = YES;
				CLANG_WARN_OBJC_ROOT_CLASS = YES_ERROR;
				CLANG_WARN_UNREACHABLE_CODE = YES;
				CLANG_WARN__DUPLICATE_METHOD_MATCH = YES;
				"CODE_SIGN_IDENTITY[sdk=iphoneos*]" = "iPhone Developer";
				COPY_PHASE_STRIP = NO;
				DEBUG_INFORMATION_FORMAT = "dwarf-with-dsym";
				ENABLE_NS_ASSERTIONS = NO;
				ENABLE_STRICT_OBJC_MSGSEND = YES;
				GCC_C_LANGUAGE_STANDARD = gnu99;
				GCC_NO_COMMON_BLOCKS = YES;
				GCC_WARN_64_TO_32_BIT_CONVERSION = YES;
				GCC_WARN_ABOUT_RETURN_TYPE = YES_ERROR;
				GCC_WARN_UNDECLARED_SELECTOR = YES;
				GCC_WARN_UNINITIALIZED_AUTOS = YES_AGGRESSIVE;
				GCC_WARN_UNUSED_FUNCTION = YES;
				GCC_WARN_UNUSED_VARIABLE = YES;
				IPHONEOS_DEPLOYMENT_TARGET = 9.3;
				MTL_ENABLE_DEBUG_INFO = NO;
				SDKROOT = iphoneos;
				TARGETED_DEVICE_FAMILY = "1,2";
				VALIDATE_PRODUCT = YES;
			};
			name = Release;
		};
		83183EA71D21CA7B00A44C1E /* Debug */ = {
			isa = XCBuildConfiguration;
			buildSettings = {
				ASSETCATALOG_COMPILER_APPICON_NAME = AppIcon;
				CODE_SIGN_IDENTITY = "iPhone Developer";
				"CODE_SIGN_IDENTITY[sdk=iphoneos*]" = "iPhone Developer";
				INFOPLIST_FILE = BnCWater/Info.plist;
				LD_RUNPATH_SEARCH_PATHS = "$(inherited) @executable_path/Frameworks";
				PRODUCT_BUNDLE_IDENTIFIER = "Brick-and-Cheese-Co.BnCWater";
				PRODUCT_NAME = "$(TARGET_NAME)";
				PROVISIONING_PROFILE = "";
			};
			name = Debug;
		};
		83183EA81D21CA7B00A44C1E /* Release */ = {
			isa = XCBuildConfiguration;
			buildSettings = {
				ASSETCATALOG_COMPILER_APPICON_NAME = AppIcon;
				CODE_SIGN_IDENTITY = "iPhone Developer";
				"CODE_SIGN_IDENTITY[sdk=iphoneos*]" = "iPhone Developer";
				INFOPLIST_FILE = BnCWater/Info.plist;
				LD_RUNPATH_SEARCH_PATHS = "$(inherited) @executable_path/Frameworks";
				PRODUCT_BUNDLE_IDENTIFIER = "Brick-and-Cheese-Co.BnCWater";
				PRODUCT_NAME = "$(TARGET_NAME)";
				PROVISIONING_PROFILE = "";
			};
			name = Release;
		};
		83183EAA1D21CA7B00A44C1E /* Debug */ = {
			isa = XCBuildConfiguration;
			buildSettings = {
				BUNDLE_LOADER = "$(TEST_HOST)";
				INFOPLIST_FILE = BnCWaterTests/Info.plist;
				LD_RUNPATH_SEARCH_PATHS = "$(inherited) @executable_path/Frameworks @loader_path/Frameworks";
				PRODUCT_BUNDLE_IDENTIFIER = "Brick-and-Cheese-Co.BnCWaterTests";
				PRODUCT_NAME = "$(TARGET_NAME)";
				TEST_HOST = "$(BUILT_PRODUCTS_DIR)/BnCWater.app/BnCWater";
			};
			name = Debug;
		};
		83183EAB1D21CA7B00A44C1E /* Release */ = {
			isa = XCBuildConfiguration;
			buildSettings = {
				BUNDLE_LOADER = "$(TEST_HOST)";
				INFOPLIST_FILE = BnCWaterTests/Info.plist;
				LD_RUNPATH_SEARCH_PATHS = "$(inherited) @executable_path/Frameworks @loader_path/Frameworks";
				PRODUCT_BUNDLE_IDENTIFIER = "Brick-and-Cheese-Co.BnCWaterTests";
				PRODUCT_NAME = "$(TARGET_NAME)";
				TEST_HOST = "$(BUILT_PRODUCTS_DIR)/BnCWater.app/BnCWater";
			};
			name = Release;
		};
		83183EAD1D21CA7B00A44C1E /* Debug */ = {
			isa = XCBuildConfiguration;
			buildSettings = {
				INFOPLIST_FILE = BnCWaterUITests/Info.plist;
				LD_RUNPATH_SEARCH_PATHS = "$(inherited) @executable_path/Frameworks @loader_path/Frameworks";
				PRODUCT_BUNDLE_IDENTIFIER = "Brick-and-Cheese-Co.BnCWaterUITests";
				PRODUCT_NAME = "$(TARGET_NAME)";
				TEST_TARGET_NAME = BnCWater;
			};
			name = Debug;
		};
		83183EAE1D21CA7B00A44C1E /* Release */ = {
			isa = XCBuildConfiguration;
			buildSettings = {
				INFOPLIST_FILE = BnCWaterUITests/Info.plist;
				LD_RUNPATH_SEARCH_PATHS = "$(inherited) @executable_path/Frameworks @loader_path/Frameworks";
				PRODUCT_BUNDLE_IDENTIFIER = "Brick-and-Cheese-Co.BnCWaterUITests";
				PRODUCT_NAME = "$(TARGET_NAME)";
				TEST_TARGET_NAME = BnCWater;
			};
			name = Release;
		};
/* End XCBuildConfiguration section */

/* Begin XCConfigurationList section */
		83183E791D21CA7B00A44C1E /* Build configuration list for PBXProject "BnCWater" */ = {
			isa = XCConfigurationList;
			buildConfigurations = (
				83183EA41D21CA7B00A44C1E /* Debug */,
				83183EA51D21CA7B00A44C1E /* Release */,
			);
			defaultConfigurationIsVisible = 0;
			defaultConfigurationName = Release;
		};
		83183EA61D21CA7B00A44C1E /* Build configuration list for PBXNativeTarget "BnCWater" */ = {
			isa = XCConfigurationList;
			buildConfigurations = (
				83183EA71D21CA7B00A44C1E /* Debug */,
				83183EA81D21CA7B00A44C1E /* Release */,
			);
			defaultConfigurationIsVisible = 0;
			defaultConfigurationName = Release;
		};
		83183EA91D21CA7B00A44C1E /* Build configuration list for PBXNativeTarget "BnCWaterTests" */ = {
			isa = XCConfigurationList;
			buildConfigurations = (
				83183EAA1D21CA7B00A44C1E /* Debug */,
				83183EAB1D21CA7B00A44C1E /* Release */,
			);
			defaultConfigurationIsVisible = 0;
			defaultConfigurationName = Release;
		};
		83183EAC1D21CA7B00A44C1E /* Build configuration list for PBXNativeTarget "BnCWaterUITests" */ = {
			isa = XCConfigurationList;
			buildConfigurations = (
				83183EAD1D21CA7B00A44C1E /* Debug */,
				83183EAE1D21CA7B00A44C1E /* Release */,
			);
			defaultConfigurationIsVisible = 0;
			defaultConfigurationName = Release;
		};
/* End XCConfigurationList section */
	};
	rootObject = 83183E761D21CA7B00A44C1E /* Project object */;
}
